// !$*UTF8*$!
{
	archiveVersion = 1;
	classes = {
	};
	objectVersion = 46;
	objects = {

/* Begin PBXBuildFile section */
		D8E650CC1B66AEBF001805A9 /* NewsFlow.xcdatamodeld in Sources */ = {isa = PBXBuildFile; fileRef = D8E650CA1B66AEBF001805A9 /* NewsFlow.xcdatamodeld */; };
		D8E650D31B66AEBF001805A9 /* Images.xcassets in Resources */ = {isa = PBXBuildFile; fileRef = D8E650D21B66AEBF001805A9 /* Images.xcassets */; };
		D8E650E21B66AEBF001805A9 /* NewsFlowTests.swift in Sources */ = {isa = PBXBuildFile; fileRef = D8E650E11B66AEBF001805A9 /* NewsFlowTests.swift */; };
		D8E650F11B66AF14001805A9 /* AppDelegate.swift in Sources */ = {isa = PBXBuildFile; fileRef = D8E650EB1B66AF14001805A9 /* AppDelegate.swift */; };
		D8E650F21B66AF14001805A9 /* TableViewController.swift in Sources */ = {isa = PBXBuildFile; fileRef = D8E650EC1B66AF14001805A9 /* TableViewController.swift */; };
		D8E650F31B66AF14001805A9 /* TableViewCell.swift in Sources */ = {isa = PBXBuildFile; fileRef = D8E650ED1B66AF14001805A9 /* TableViewCell.swift */; };
		D8E650F41B66AF14001805A9 /* DetailViewController.swift in Sources */ = {isa = PBXBuildFile; fileRef = D8E650EE1B66AF14001805A9 /* DetailViewController.swift */; };
		D8E650F51B66AF14001805A9 /* Main.storyboard in Resources */ = {isa = PBXBuildFile; fileRef = D8E650EF1B66AF14001805A9 /* Main.storyboard */; };
		D8E650F61B66AF14001805A9 /* LaunchScreen.xib in Resources */ = {isa = PBXBuildFile; fileRef = D8E650F01B66AF14001805A9 /* LaunchScreen.xib */; };
		D8E650FA1B66AF26001805A9 /* WaterTop.png in Resources */ = {isa = PBXBuildFile; fileRef = D8E650F71B66AF26001805A9 /* WaterTop.png */; };
		D8E650FB1B66AF26001805A9 /* FlowCell1.png in Resources */ = {isa = PBXBuildFile; fileRef = D8E650F81B66AF26001805A9 /* FlowCell1.png */; };
		D8E650FC1B66AF26001805A9 /* FlowCell0.png in Resources */ = {isa = PBXBuildFile; fileRef = D8E650F91B66AF26001805A9 /* FlowCell0.png */; };
		D8E650FF1B66B282001805A9 /* StoryManager.swift in Sources */ = {isa = PBXBuildFile; fileRef = D8E650FE1B66B282001805A9 /* StoryManager.swift */; };
		D8E651031B67C14D001805A9 /* NewsItem.swift in Sources */ = {isa = PBXBuildFile; fileRef = D8E651021B67C14D001805A9 /* NewsItem.swift */; };
/* End PBXBuildFile section */

/* Begin PBXContainerItemProxy section */
		D8E650DC1B66AEBF001805A9 /* PBXContainerItemProxy */ = {
			isa = PBXContainerItemProxy;
			containerPortal = D8E650BB1B66AEBF001805A9 /* Project object */;
			proxyType = 1;
			remoteGlobalIDString = D8E650C21B66AEBF001805A9;
			remoteInfo = NewsFlow;
		};
/* End PBXContainerItemProxy section */

/* Begin PBXFileReference section */
		D8E650C31B66AEBF001805A9 /* NewsFlow.app */ = {isa = PBXFileReference; explicitFileType = wrapper.application; includeInIndex = 0; path = NewsFlow.app; sourceTree = BUILT_PRODUCTS_DIR; };
		D8E650C71B66AEBF001805A9 /* Info.plist */ = {isa = PBXFileReference; lastKnownFileType = text.plist.xml; path = Info.plist; sourceTree = "<group>"; };
		D8E650CB1B66AEBF001805A9 /* NewsFlow.xcdatamodel */ = {isa = PBXFileReference; lastKnownFileType = wrapper.xcdatamodel; path = NewsFlow.xcdatamodel; sourceTree = "<group>"; };
		D8E650D21B66AEBF001805A9 /* Images.xcassets */ = {isa = PBXFileReference; lastKnownFileType = folder.assetcatalog; path = Images.xcassets; sourceTree = "<group>"; };
		D8E650DB1B66AEBF001805A9 /* NewsFlowTests.xctest */ = {isa = PBXFileReference; explicitFileType = wrapper.cfbundle; includeInIndex = 0; path = NewsFlowTests.xctest; sourceTree = BUILT_PRODUCTS_DIR; };
		D8E650E01B66AEBF001805A9 /* Info.plist */ = {isa = PBXFileReference; lastKnownFileType = text.plist.xml; path = Info.plist; sourceTree = "<group>"; };
		D8E650E11B66AEBF001805A9 /* NewsFlowTests.swift */ = {isa = PBXFileReference; lastKnownFileType = sourcecode.swift; path = NewsFlowTests.swift; sourceTree = "<group>"; };
		D8E650EB1B66AF14001805A9 /* AppDelegate.swift */ = {isa = PBXFileReference; fileEncoding = 4; lastKnownFileType = sourcecode.swift; path = AppDelegate.swift; sourceTree = "<group>"; };
		D8E650EC1B66AF14001805A9 /* TableViewController.swift */ = {isa = PBXFileReference; fileEncoding = 4; lastKnownFileType = sourcecode.swift; path = TableViewController.swift; sourceTree = "<group>"; };
		D8E650ED1B66AF14001805A9 /* TableViewCell.swift */ = {isa = PBXFileReference; fileEncoding = 4; lastKnownFileType = sourcecode.swift; path = TableViewCell.swift; sourceTree = "<group>"; };
		D8E650EE1B66AF14001805A9 /* DetailViewController.swift */ = {isa = PBXFileReference; fileEncoding = 4; lastKnownFileType = sourcecode.swift; path = DetailViewController.swift; sourceTree = "<group>"; };
		D8E650EF1B66AF14001805A9 /* Main.storyboard */ = {isa = PBXFileReference; fileEncoding = 4; lastKnownFileType = file.storyboard; path = Main.storyboard; sourceTree = "<group>"; };
		D8E650F01B66AF14001805A9 /* LaunchScreen.xib */ = {isa = PBXFileReference; fileEncoding = 4; lastKnownFileType = file.xib; path = LaunchScreen.xib; sourceTree = "<group>"; };
		D8E650F71B66AF26001805A9 /* WaterTop.png */ = {isa = PBXFileReference; lastKnownFileType = image.png; path = WaterTop.png; sourceTree = "<group>"; };
		D8E650F81B66AF26001805A9 /* FlowCell1.png */ = {isa = PBXFileReference; lastKnownFileType = image.png; path = FlowCell1.png; sourceTree = "<group>"; };
		D8E650F91B66AF26001805A9 /* FlowCell0.png */ = {isa = PBXFileReference; lastKnownFileType = image.png; path = FlowCell0.png; sourceTree = "<group>"; };
		D8E650FE1B66B282001805A9 /* StoryManager.swift */ = {isa = PBXFileReference; fileEncoding = 4; lastKnownFileType = sourcecode.swift; path = StoryManager.swift; sourceTree = "<group>"; };
		D8E651021B67C14D001805A9 /* NewsItem.swift */ = {isa = PBXFileReference; fileEncoding = 4; lastKnownFileType = sourcecode.swift; path = NewsItem.swift; sourceTree = "<group>"; };
/* End PBXFileReference section */

/* Begin PBXFrameworksBuildPhase section */
		D8E650C01B66AEBF001805A9 /* Frameworks */ = {
			isa = PBXFrameworksBuildPhase;
			buildActionMask = 2147483647;
			files = (
			);
			runOnlyForDeploymentPostprocessing = 0;
		};
		D8E650D81B66AEBF001805A9 /* Frameworks */ = {
			isa = PBXFrameworksBuildPhase;
			buildActionMask = 2147483647;
			files = (
			);
			runOnlyForDeploymentPostprocessing = 0;
		};
/* End PBXFrameworksBuildPhase section */

/* Begin PBXGroup section */
		D8E650BA1B66AEBF001805A9 = {
			isa = PBXGroup;
			children = (
				D8E650C51B66AEBF001805A9 /* NewsFlow */,
				D8E650DE1B66AEBF001805A9 /* NewsFlowTests */,
				D8E650C41B66AEBF001805A9 /* Products */,
			);
			sourceTree = "<group>";
		};
		D8E650C41B66AEBF001805A9 /* Products */ = {
			isa = PBXGroup;
			children = (
				D8E650C31B66AEBF001805A9 /* NewsFlow.app */,
				D8E650DB1B66AEBF001805A9 /* NewsFlowTests.xctest */,
			);
			name = Products;
			sourceTree = "<group>";
		};
		D8E650C51B66AEBF001805A9 /* NewsFlow */ = {
			isa = PBXGroup;
			children = (
				D8E650EB1B66AF14001805A9 /* AppDelegate.swift */,
				D8E650EC1B66AF14001805A9 /* TableViewController.swift */,
				D8E650ED1B66AF14001805A9 /* TableViewCell.swift */,
				D8E650EE1B66AF14001805A9 /* DetailViewController.swift */,
				D8E650FE1B66B282001805A9 /* StoryManager.swift */,
				D8E651021B67C14D001805A9 /* NewsItem.swift */,
				D8E650EF1B66AF14001805A9 /* Main.storyboard */,
				D8E650F01B66AF14001805A9 /* LaunchScreen.xib */,
				D8E650D21B66AEBF001805A9 /* Images.xcassets */,
				D8E650CA1B66AEBF001805A9 /* NewsFlow.xcdatamodeld */,
				D8E650FD1B66AF8E001805A9 /* Assets */,
				D8E650C61B66AEBF001805A9 /* Supporting Files */,
			);
			path = NewsFlow;
			sourceTree = "<group>";
		};
		D8E650C61B66AEBF001805A9 /* Supporting Files */ = {
			isa = PBXGroup;
			children = (
				D8E650C71B66AEBF001805A9 /* Info.plist */,
			);
			name = "Supporting Files";
			sourceTree = "<group>";
		};
		D8E650DE1B66AEBF001805A9 /* NewsFlowTests */ = {
			isa = PBXGroup;
			children = (
				D8E650E11B66AEBF001805A9 /* NewsFlowTests.swift */,
				D8E650DF1B66AEBF001805A9 /* Supporting Files */,
			);
			path = NewsFlowTests;
			sourceTree = "<group>";
		};
		D8E650DF1B66AEBF001805A9 /* Supporting Files */ = {
			isa = PBXGroup;
			children = (
				D8E650E01B66AEBF001805A9 /* Info.plist */,
			);
			name = "Supporting Files";
			sourceTree = "<group>";
		};
		D8E650FD1B66AF8E001805A9 /* Assets */ = {
			isa = PBXGroup;
			children = (
				D8E650F71B66AF26001805A9 /* WaterTop.png */,
				D8E650F81B66AF26001805A9 /* FlowCell1.png */,
				D8E650F91B66AF26001805A9 /* FlowCell0.png */,
			);
			name = Assets;
			sourceTree = "<group>";
		};
/* End PBXGroup section */

/* Begin PBXNativeTarget section */
		D8E650C21B66AEBF001805A9 /* NewsFlow */ = {
			isa = PBXNativeTarget;
			buildConfigurationList = D8E650E51B66AEBF001805A9 /* Build configuration list for PBXNativeTarget "NewsFlow" */;
			buildPhases = (
				D8E650BF1B66AEBF001805A9 /* Sources */,
				D8E650C01B66AEBF001805A9 /* Frameworks */,
				D8E650C11B66AEBF001805A9 /* Resources */,
			);
			buildRules = (
			);
			dependencies = (
			);
			name = NewsFlow;
			productName = NewsFlow;
			productReference = D8E650C31B66AEBF001805A9 /* NewsFlow.app */;
			productType = "com.apple.product-type.application";
		};
		D8E650DA1B66AEBF001805A9 /* NewsFlowTests */ = {
			isa = PBXNativeTarget;
			buildConfigurationList = D8E650E81B66AEBF001805A9 /* Build configuration list for PBXNativeTarget "NewsFlowTests" */;
			buildPhases = (
				D8E650D71B66AEBF001805A9 /* Sources */,
				D8E650D81B66AEBF001805A9 /* Frameworks */,
				D8E650D91B66AEBF001805A9 /* Resources */,
			);
			buildRules = (
			);
			dependencies = (
				D8E650DD1B66AEBF001805A9 /* PBXTargetDependency */,
			);
			name = NewsFlowTests;
			productName = NewsFlowTests;
			productReference = D8E650DB1B66AEBF001805A9 /* NewsFlowTests.xctest */;
			productType = "com.apple.product-type.bundle.unit-test";
		};
/* End PBXNativeTarget section */

/* Begin PBXProject section */
		D8E650BB1B66AEBF001805A9 /* Project object */ = {
			isa = PBXProject;
			attributes = {
				LastUpgradeCheck = 0640;
				ORGANIZATIONNAME = "Simple Genius Software";
				TargetAttributes = {
					D8E650C21B66AEBF001805A9 = {
						CreatedOnToolsVersion = 6.4;
					};
					D8E650DA1B66AEBF001805A9 = {
						CreatedOnToolsVersion = 6.4;
						TestTargetID = D8E650C21B66AEBF001805A9;
					};
				};
			};
			buildConfigurationList = D8E650BE1B66AEBF001805A9 /* Build configuration list for PBXProject "NewsFlow" */;
			compatibilityVersion = "Xcode 3.2";
			developmentRegion = English;
			hasScannedForEncodings = 0;
			knownRegions = (
				en,
				Base,
			);
			mainGroup = D8E650BA1B66AEBF001805A9;
			productRefGroup = D8E650C41B66AEBF001805A9 /* Products */;
			projectDirPath = "";
			projectRoot = "";
			targets = (
				D8E650C21B66AEBF001805A9 /* NewsFlow */,
				D8E650DA1B66AEBF001805A9 /* NewsFlowTests */,
			);
		};
/* End PBXProject section */

/* Begin PBXResourcesBuildPhase section */
		D8E650C11B66AEBF001805A9 /* Resources */ = {
			isa = PBXResourcesBuildPhase;
			buildActionMask = 2147483647;
			files = (
				D8E650FB1B66AF26001805A9 /* FlowCell1.png in Resources */,
				D8E650D31B66AEBF001805A9 /* Images.xcassets in Resources */,
				D8E650FC1B66AF26001805A9 /* FlowCell0.png in Resources */,
				D8E650FA1B66AF26001805A9 /* WaterTop.png in Resources */,
				D8E650F61B66AF14001805A9 /* LaunchScreen.xib in Resources */,
				D8E650F51B66AF14001805A9 /* Main.storyboard in Resources */,
			);
			runOnlyForDeploymentPostprocessing = 0;
		};
		D8E650D91B66AEBF001805A9 /* Resources */ = {
			isa = PBXResourcesBuildPhase;
			buildActionMask = 2147483647;
			files = (
			);
			runOnlyForDeploymentPostprocessing = 0;
		};
/* End PBXResourcesBuildPhase section */

/* Begin PBXSourcesBuildPhase section */
		D8E650BF1B66AEBF001805A9 /* Sources */ = {
			isa = PBXSourcesBuildPhase;
			buildActionMask = 2147483647;
			files = (
				D8E650F11B66AF14001805A9 /* AppDelegate.swift in Sources */,
				D8E651031B67C14D001805A9 /* NewsItem.swift in Sources */,
				D8E650F31B66AF14001805A9 /* TableViewCell.swift in Sources */,
				D8E650F41B66AF14001805A9 /* DetailViewController.swift in Sources */,
				D8E650F21B66AF14001805A9 /* TableViewController.swift in Sources */,
				D8E650CC1B66AEBF001805A9 /* NewsFlow.xcdatamodeld in Sources */,
				D8E650FF1B66B282001805A9 /* StoryManager.swift in Sources */,
			);
			runOnlyForDeploymentPostprocessing = 0;
		};
		D8E650D71B66AEBF001805A9 /* Sources */ = {
			isa = PBXSourcesBuildPhase;
			buildActionMask = 2147483647;
			files = (
				D8E650E21B66AEBF001805A9 /* NewsFlowTests.swift in Sources */,
			);
			runOnlyForDeploymentPostprocessing = 0;
		};
/* End PBXSourcesBuildPhase section */

/* Begin PBXTargetDependency section */
		D8E650DD1B66AEBF001805A9 /* PBXTargetDependency */ = {
			isa = PBXTargetDependency;
			target = D8E650C21B66AEBF001805A9 /* NewsFlow */;
			targetProxy = D8E650DC1B66AEBF001805A9 /* PBXContainerItemProxy */;
		};
/* End PBXTargetDependency section */

/* Begin XCBuildConfiguration section */
		D8E650E31B66AEBF001805A9 /* Debug */ = {
			isa = XCBuildConfiguration;
			buildSettings = {
				ALWAYS_SEARCH_USER_PATHS = NO;
				CLANG_CXX_LANGUAGE_STANDARD = "gnu++0x";
				CLANG_CXX_LIBRARY = "libc++";
				CLANG_ENABLE_MODULES = YES;
				CLANG_ENABLE_OBJC_ARC = YES;
				CLANG_WARN_BOOL_CONVERSION = YES;
				CLANG_WARN_CONSTANT_CONVERSION = YES;
				CLANG_WARN_DIRECT_OBJC_ISA_USAGE = YES_ERROR;
				CLANG_WARN_EMPTY_BODY = YES;
				CLANG_WARN_ENUM_CONVERSION = YES;
				CLANG_WARN_INT_CONVERSION = YES;
				CLANG_WARN_OBJC_ROOT_CLASS = YES_ERROR;
				CLANG_WARN_UNREACHABLE_CODE = YES;
				CLANG_WARN__DUPLICATE_METHOD_MATCH = YES;
				"CODE_SIGN_IDENTITY[sdk=iphoneos*]" = "iPhone Developer";
				COPY_PHASE_STRIP = NO;
				DEBUG_INFORMATION_FORMAT = "dwarf-with-dsym";
				ENABLE_STRICT_OBJC_MSGSEND = YES;
				GCC_C_LANGUAGE_STANDARD = gnu99;
				GCC_DYNAMIC_NO_PIC = NO;
				GCC_NO_COMMON_BLOCKS = YES;
				GCC_OPTIMIZATION_LEVEL = 0;
				GCC_PREPROCESSOR_DEFINITIONS = (
					"DEBUG=1",
					"$(inherited)",
				);
				GCC_SYMBOLS_PRIVATE_EXTERN = NO;
				GCC_WARN_64_TO_32_BIT_CONVERSION = YES;
				GCC_WARN_ABOUT_RETURN_TYPE = YES_ERROR;
				GCC_WARN_UNDECLARED_SELECTOR = YES;
				GCC_WARN_UNINITIALIZED_AUTOS = YES_AGGRESSIVE;
				GCC_WARN_UNUSED_FUNCTION = YES;
				GCC_WARN_UNUSED_VARIABLE = YES;
				IPHONEOS_DEPLOYMENT_TARGET = 8.4;
				MTL_ENABLE_DEBUG_INFO = YES;
				ONLY_ACTIVE_ARCH = YES;
				SDKROOT = iphoneos;
				SWIFT_OPTIMIZATION_LEVEL = "-Onone";
				TARGETED_DEVICE_FAMILY = "1,2";
			};
			name = Debug;
		};
		D8E650E41B66AEBF001805A9 /* Release */ = {
			isa = XCBuildConfiguration;
			buildSettings = {
				ALWAYS_SEARCH_USER_PATHS = NO;
				CLANG_CXX_LANGUAGE_STANDARD = "gnu++0x";
				CLANG_CXX_LIBRARY = "libc++";
				CLANG_ENABLE_MODULES = YES;
				CLANG_ENABLE_OBJC_ARC = YES;
				CLANG_WARN_BOOL_CONVERSION = YES;
				CLANG_WARN_CONSTANT_CONVERSION = YES;
				CLANG_WARN_DIRECT_OBJC_ISA_USAGE = YES_ERROR;
				CLANG_WARN_EMPTY_BODY = YES;
				CLANG_WARN_ENUM_CONVERSION = YES;
				CLANG_WARN_INT_CONVERSION = YES;
				CLANG_WARN_OBJC_ROOT_CLASS = YES_ERROR;
				CLANG_WARN_UNREACHABLE_CODE = YES;
				CLANG_WARN__DUPLICATE_METHOD_MATCH = YES;
				"CODE_SIGN_IDENTITY[sdk=iphoneos*]" = "iPhone Developer";
				COPY_PHASE_STRIP = NO;
				DEBUG_INFORMATION_FORMAT = "dwarf-with-dsym";
				ENABLE_NS_ASSERTIONS = NO;
				ENABLE_STRICT_OBJC_MSGSEND = YES;
				GCC_C_LANGUAGE_STANDARD = gnu99;
				GCC_NO_COMMON_BLOCKS = YES;
				GCC_WARN_64_TO_32_BIT_CONVERSION = YES;
				GCC_WARN_ABOUT_RETURN_TYPE = YES_ERROR;
				GCC_WARN_UNDECLARED_SELECTOR = YES;
				GCC_WARN_UNINITIALIZED_AUTOS = YES_AGGRESSIVE;
				GCC_WARN_UNUSED_FUNCTION = YES;
				GCC_WARN_UNUSED_VARIABLE = YES;
				IPHONEOS_DEPLOYMENT_TARGET = 8.4;
				MTL_ENABLE_DEBUG_INFO = NO;
				SDKROOT = iphoneos;
				TARGETED_DEVICE_FAMILY = "1,2";
				VALIDATE_PRODUCT = YES;
			};
			name = Release;
		};
		D8E650E61B66AEBF001805A9 /* Debug */ = {
			isa = XCBuildConfiguration;
			buildSettings = {
				ASSETCATALOG_COMPILER_APPICON_NAME = AppIcon;
				CLANG_ENABLE_MODULES = YES;
				INFOPLIST_FILE = NewsFlow/Info.plist;
				LD_RUNPATH_SEARCH_PATHS = "$(inherited) @executable_path/Frameworks";
				PRODUCT_NAME = "$(TARGET_NAME)";
				SWIFT_OPTIMIZATION_LEVEL = "-Onone";
			};
			name = Debug;
		};
		D8E650E71B66AEBF001805A9 /* Release */ = {
			isa = XCBuildConfiguration;
			buildSettings = {
				ASSETCATALOG_COMPILER_APPICON_NAME = AppIcon;
				CLANG_ENABLE_MODULES = YES;
				INFOPLIST_FILE = NewsFlow/Info.plist;
				LD_RUNPATH_SEARCH_PATHS = "$(inherited) @executable_path/Frameworks";
				PRODUCT_NAME = "$(TARGET_NAME)";
			};
			name = Release;
		};
		D8E650E91B66AEBF001805A9 /* Debug */ = {
			isa = XCBuildConfiguration;
			buildSettings = {
				BUNDLE_LOADER = "$(TEST_HOST)";
				FRAMEWORK_SEARCH_PATHS = (
					"$(SDKROOT)/Developer/Library/Frameworks",
					"$(inherited)",
				);
				GCC_PREPROCESSOR_DEFINITIONS = (
					"DEBUG=1",
					"$(inherited)",
				);
				INFOPLIST_FILE = NewsFlowTests/Info.plist;
				LD_RUNPATH_SEARCH_PATHS = "$(inherited) @executable_path/Frameworks @loader_path/Frameworks";
				PRODUCT_NAME = "$(TARGET_NAME)";
				TEST_HOST = "$(BUILT_PRODUCTS_DIR)/NewsFlow.app/NewsFlow";
			};
			name = Debug;
		};
		D8E650EA1B66AEBF001805A9 /* Release */ = {
			isa = XCBuildConfiguration;
			buildSettings = {
				BUNDLE_LOADER = "$(TEST_HOST)";
				FRAMEWORK_SEARCH_PATHS = (
					"$(SDKROOT)/Developer/Library/Frameworks",
					"$(inherited)",
				);
				INFOPLIST_FILE = NewsFlowTests/Info.plist;
				LD_RUNPATH_SEARCH_PATHS = "$(inherited) @executable_path/Frameworks @loader_path/Frameworks";
				PRODUCT_NAME = "$(TARGET_NAME)";
				TEST_HOST = "$(BUILT_PRODUCTS_DIR)/NewsFlow.app/NewsFlow";
			};
			name = Release;
		};
/* End XCBuildConfiguration section */

/* Begin XCConfigurationList section */
		D8E650BE1B66AEBF001805A9 /* Build configuration list for PBXProject "NewsFlow" */ = {
			isa = XCConfigurationList;
			buildConfigurations = (
				D8E650E31B66AEBF001805A9 /* Debug */,
				D8E650E41B66AEBF001805A9 /* Release */,
			);
			defaultConfigurationIsVisible = 0;
			defaultConfigurationName = Release;
		};
		D8E650E51B66AEBF001805A9 /* Build configuration list for PBXNativeTarget "NewsFlow" */ = {
			isa = XCConfigurationList;
			buildConfigurations = (
				D8E650E61B66AEBF001805A9 /* Debug */,
				D8E650E71B66AEBF001805A9 /* Release */,
			);
			defaultConfigurationIsVisible = 0;
		};
		D8E650E81B66AEBF001805A9 /* Build configuration list for PBXNativeTarget "NewsFlowTests" */ = {
			isa = XCConfigurationList;
			buildConfigurations = (
				D8E650E91B66AEBF001805A9 /* Debug */,
				D8E650EA1B66AEBF001805A9 /* Release */,
			);
			defaultConfigurationIsVisible = 0;
		};
/* End XCConfigurationList section */

/* Begin XCVersionGroup section */
		D8E650CA1B66AEBF001805A9 /* NewsFlow.xcdatamodeld */ = {
			isa = XCVersionGroup;
			children = (
				D8E650CB1B66AEBF001805A9 /* NewsFlow.xcdatamodel */,
			);
			currentVersion = D8E650CB1B66AEBF001805A9 /* NewsFlow.xcdatamodel */;
			path = NewsFlow.xcdatamodeld;
			sourceTree = "<group>";
			versionGroupType = wrapper.xcdatamodel;
		};
/* End XCVersionGroup section */
	};
	rootObject = D8E650BB1B66AEBF001805A9 /* Project object */;
}
